
Microsoft Visual Studio Solution File, Format Version 12.00
# Visual Studio Version 16
VisualStudioVersion = 16.0.31515.178
MinimumVisualStudioVersion = 10.0.40219.1
Project("{FAE04EC0-301F-11D3-BF4B-00C04F79EFBC}") = "CMApp", "CMApp\CMApp.csproj", "{3DB7D9E9-AA7F-4598-8B69-20BE9D692E66}"
EndProject
Project("{FAE04EC0-301F-11D3-BF4B-00C04F79EFBC}") = "CMAppDataLayer", "CMAppDataLayer\CMAppDataLayer.csproj", "{356BB0DE-81D3-4716-839A-830CBF547CBF}"
EndProject
Project("{FAE04EC0-301F-11D3-BF4B-00C04F79EFBC}") = "CMAppBusiness", "CMApp.Business\CMAppBusiness.csproj", "{83AB8228-83A8-48E9-8926-09D7B818A246}"
EndProject
Global
	GlobalSection(SolutionConfigurationPlatforms) = preSolution
		Debug|Any CPU = Debug|Any CPU
		Release|Any CPU = Release|Any CPU
	EndGlobalSection
	GlobalSection(ProjectConfigurationPlatforms) = postSolution
		{3DB7D9E9-AA7F-4598-8B69-20BE9D692E66}.Debug|Any CPU.ActiveCfg = Debug|Any CPU
		{3DB7D9E9-AA7F-4598-8B69-20BE9D692E66}.Debug|Any CPU.Build.0 = Debug|Any CPU
		{3DB7D9E9-AA7F-4598-8B69-20BE9D692E66}.Release|Any CPU.ActiveCfg = Release|Any CPU
		{3DB7D9E9-AA7F-4598-8B69-20BE9D692E66}.Release|Any CPU.Build.0 = Release|Any CPU
		{356BB0DE-81D3-4716-839A-830CBF547CBF}.Debug|Any CPU.ActiveCfg = Debug|Any CPU
		{356BB0DE-81D3-4716-839A-830CBF547CBF}.Debug|Any CPU.Build.0 = Debug|Any CPU
		{356BB0DE-81D3-4716-839A-830CBF547CBF}.Release|Any CPU.ActiveCfg = Release|Any CPU
		{356BB0DE-81D3-4716-839A-830CBF547CBF}.Release|Any CPU.Build.0 = Release|Any CPU
		{83AB8228-83A8-48E9-8926-09D7B818A246}.Debug|Any CPU.ActiveCfg = Debug|Any CPU
		{83AB8228-83A8-48E9-8926-09D7B818A246}.Debug|Any CPU.Build.0 = Debug|Any CPU
		{83AB8228-83A8-48E9-8926-09D7B818A246}.Release|Any CPU.ActiveCfg = Release|Any CPU
		{83AB8228-83A8-48E9-8926-09D7B818A246}.Release|Any CPU.Build.0 = Release|Any CPU
	EndGlobalSection
	GlobalSection(SolutionProperties) = preSolution
		HideSolutionNode = FALSE
	EndGlobalSection
	GlobalSection(ExtensibilityGlobals) = postSolution
		SolutionGuid = {08CA4D3A-8D9F-4289-80DB-D770EC7C5969}
	EndGlobalSection
EndGlobal
